
Microsoft Visual Studio Solution File, Format Version 12.00
# Visual Studio 15
VisualStudioVersion = 15.0.28307.106
MinimumVisualStudioVersion = 10.0.40219.1
Project("{FAE04EC0-301F-11D3-BF4B-00C04F79EFBC}") = "ProgrammingVocabulary", "ProgrammingVocabulary\ProgrammingVocabulary.csproj", "{7B41DAB6-2445-4F75-9F50-7209E83A4ED6}"
EndProject
Global
	GlobalSection(SolutionConfigurationPlatforms) = preSolution
		Debug|Any CPU = Debug|Any CPU
		Release|Any CPU = Release|Any CPU
	EndGlobalSection
	GlobalSection(ProjectConfigurationPlatforms) = postSolution
		{7B41DAB6-2445-4F75-9F50-7209E83A4ED6}.Debug|Any CPU.ActiveCfg = Debug|Any CPU
		{7B41DAB6-2445-4F75-9F50-7209E83A4ED6}.Debug|Any CPU.Build.0 = Debug|Any CPU
		{7B41DAB6-2445-4F75-9F50-7209E83A4ED6}.Release|Any CPU.ActiveCfg = Release|Any CPU
		{7B41DAB6-2445-4F75-9F50-7209E83A4ED6}.Release|Any CPU.Build.0 = Release|Any CPU
	EndGlobalSection
	GlobalSection(SolutionProperties) = preSolution
		HideSolutionNode = FALSE
	EndGlobalSection
	GlobalSection(ExtensibilityGlobals) = postSolution
		SolutionGuid = {BDCB4946-A2FF-4C69-9568-98EC1ADC19C7}
	EndGlobalSection
EndGlobal
